
Microsoft Visual Studio Solution File, Format Version 12.00
# Visual Studio 15
VisualStudioVersion = 15.0.26730.16
MinimumVisualStudioVersion = 10.0.40219.1
Project("{D954291E-2A0B-460D-934E-DC6B0785DB48}") = "Tritoni.App", "Tritoni.App\Tritoni.App\Tritoni.App.shproj", "{00CA21AB-A0EA-42BD-96F2-F781E3669915}"
EndProject
Project("{FAE04EC0-301F-11D3-BF4B-00C04F79EFBC}") = "Tritoni.App.UWP", "Tritoni.App\Tritoni.App.UWP\Tritoni.App.UWP.csproj", "{D200179B-AAF8-435A-BD6B-3B1452BF3A58}"
EndProject
Global
	GlobalSection(SharedMSBuildProjectFiles) = preSolution
		Tritoni.App\Tritoni.App\Tritoni.App.projitems*{00ca21ab-a0ea-42bd-96f2-f781e3669915}*SharedItemsImports = 13
		Tritoni.App\Tritoni.App\Tritoni.App.projitems*{d200179b-aaf8-435a-bd6b-3b1452bf3a58}*SharedItemsImports = 4
	EndGlobalSection
	GlobalSection(SolutionConfigurationPlatforms) = preSolution
		Debug|Any CPU = Debug|Any CPU
		Debug|ARM = Debug|ARM
		Debug|iPhone = Debug|iPhone
		Debug|iPhoneSimulator = Debug|iPhoneSimulator
		Debug|x64 = Debug|x64
		Debug|x86 = Debug|x86
		Release|Any CPU = Release|Any CPU
		Release|ARM = Release|ARM
		Release|iPhone = Release|iPhone
		Release|iPhoneSimulator = Release|iPhoneSimulator
		Release|x64 = Release|x64
		Release|x86 = Release|x86
	EndGlobalSection
	GlobalSection(ProjectConfigurationPlatforms) = postSolution
		{D200179B-AAF8-435A-BD6B-3B1452BF3A58}.Debug|Any CPU.ActiveCfg = Debug|x86
		{D200179B-AAF8-435A-BD6B-3B1452BF3A58}.Debug|ARM.ActiveCfg = Debug|ARM
		{D200179B-AAF8-435A-BD6B-3B1452BF3A58}.Debug|ARM.Build.0 = Debug|ARM
		{D200179B-AAF8-435A-BD6B-3B1452BF3A58}.Debug|ARM.Deploy.0 = Debug|ARM
		{D200179B-AAF8-435A-BD6B-3B1452BF3A58}.Debug|iPhone.ActiveCfg = Debug|x86
		{D200179B-AAF8-435A-BD6B-3B1452BF3A58}.Debug|iPhoneSimulator.ActiveCfg = Debug|x86
		{D200179B-AAF8-435A-BD6B-3B1452BF3A58}.Debug|x64.ActiveCfg = Debug|x64
		{D200179B-AAF8-435A-BD6B-3B1452BF3A58}.Debug|x64.Build.0 = Debug|x64
		{D200179B-AAF8-435A-BD6B-3B1452BF3A58}.Debug|x64.Deploy.0 = Debug|x64
		{D200179B-AAF8-435A-BD6B-3B1452BF3A58}.Debug|x86.ActiveCfg = Debug|x86
		{D200179B-AAF8-435A-BD6B-3B1452BF3A58}.Debug|x86.Build.0 = Debug|x86
		{D200179B-AAF8-435A-BD6B-3B1452BF3A58}.Debug|x86.Deploy.0 = Debug|x86
		{D200179B-AAF8-435A-BD6B-3B1452BF3A58}.Release|Any CPU.ActiveCfg = Release|x86
		{D200179B-AAF8-435A-BD6B-3B1452BF3A58}.Release|ARM.ActiveCfg = Release|ARM
		{D200179B-AAF8-435A-BD6B-3B1452BF3A58}.Release|ARM.Build.0 = Release|ARM
		{D200179B-AAF8-435A-BD6B-3B1452BF3A58}.Release|ARM.Deploy.0 = Release|ARM
		{D200179B-AAF8-435A-BD6B-3B1452BF3A58}.Release|iPhone.ActiveCfg = Release|x86
		{D200179B-AAF8-435A-BD6B-3B1452BF3A58}.Release|iPhoneSimulator.ActiveCfg = Release|x86
		{D200179B-AAF8-435A-BD6B-3B1452BF3A58}.Release|x64.ActiveCfg = Release|x64
		{D200179B-AAF8-435A-BD6B-3B1452BF3A58}.Release|x64.Build.0 = Release|x64
		{D200179B-AAF8-435A-BD6B-3B1452BF3A58}.Release|x64.Deploy.0 = Release|x64
		{D200179B-AAF8-435A-BD6B-3B1452BF3A58}.Release|x86.ActiveCfg = Release|x86
		{D200179B-AAF8-435A-BD6B-3B1452BF3A58}.Release|x86.Build.0 = Release|x86
		{D200179B-AAF8-435A-BD6B-3B1452BF3A58}.Release|x86.Deploy.0 = Release|x86
	EndGlobalSection
	GlobalSection(SolutionProperties) = preSolution
		HideSolutionNode = FALSE
	EndGlobalSection
	GlobalSection(ExtensibilityGlobals) = postSolution
		SolutionGuid = {E82D112A-55D7-40D5-9781-358E7F015124}
	EndGlobalSection
EndGlobal
